
Microsoft Visual Studio Solution File, Format Version 12.00
# Visual Studio Version 17
VisualStudioVersion = 17.0.31912.275
MinimumVisualStudioVersion = 10.0.40219.1
Project("{9A19103F-16F7-4668-BE54-9A1E7A4F7556}") = "Pilotbird.Claim.Service", "Pilotbird.Claim.Service\Pilotbird.Claim.Service.csproj", "{ABD81ECE-19B8-4C56-9CBF-97099D8A45C5}"
EndProject
Project("{9A19103F-16F7-4668-BE54-9A1E7A4F7556}") = "Common", "Common\Common.csproj", "{3663AA71-1E79-48FC-B69C-570B0069D431}"
EndProject
Project("{9A19103F-16F7-4668-BE54-9A1E7A4F7556}") = "Pilotbird.Claim.EFCore", "Pilotbird.Claim.EFCore\Pilotbird.Claim.EFCore.csproj", "{E5DEB706-190F-44E4-A8D3-AA630F9163A5}"
EndProject
Project("{9A19103F-16F7-4668-BE54-9A1E7A4F7556}") = "DataAccess", "DataAccess\DataAccess.csproj", "{8044FCC6-A73A-418F-9317-E2F5461657B2}"
EndProject
Project("{FAE04EC0-301F-11D3-BF4B-00C04F79EFBC}") = "Models", "Models\Models.csproj", "{6743C5F9-7EEB-40A0-8F1F-E703813CF763}"
EndProject
Global
	GlobalSection(SolutionConfigurationPlatforms) = preSolution
		Debug|Any CPU = Debug|Any CPU
		Release|Any CPU = Release|Any CPU
	EndGlobalSection
	GlobalSection(ProjectConfigurationPlatforms) = postSolution
		{ABD81ECE-19B8-4C56-9CBF-97099D8A45C5}.Debug|Any CPU.ActiveCfg = Debug|Any CPU
		{ABD81ECE-19B8-4C56-9CBF-97099D8A45C5}.Debug|Any CPU.Build.0 = Debug|Any CPU
		{ABD81ECE-19B8-4C56-9CBF-97099D8A45C5}.Release|Any CPU.ActiveCfg = Release|Any CPU
		{ABD81ECE-19B8-4C56-9CBF-97099D8A45C5}.Release|Any CPU.Build.0 = Release|Any CPU
		{3663AA71-1E79-48FC-B69C-570B0069D431}.Debug|Any CPU.ActiveCfg = Debug|Any CPU
		{3663AA71-1E79-48FC-B69C-570B0069D431}.Debug|Any CPU.Build.0 = Debug|Any CPU
		{3663AA71-1E79-48FC-B69C-570B0069D431}.Release|Any CPU.ActiveCfg = Release|Any CPU
		{3663AA71-1E79-48FC-B69C-570B0069D431}.Release|Any CPU.Build.0 = Release|Any CPU
		{E5DEB706-190F-44E4-A8D3-AA630F9163A5}.Debug|Any CPU.ActiveCfg = Debug|Any CPU
		{E5DEB706-190F-44E4-A8D3-AA630F9163A5}.Debug|Any CPU.Build.0 = Debug|Any CPU
		{E5DEB706-190F-44E4-A8D3-AA630F9163A5}.Release|Any CPU.ActiveCfg = Release|Any CPU
		{E5DEB706-190F-44E4-A8D3-AA630F9163A5}.Release|Any CPU.Build.0 = Release|Any CPU
		{8044FCC6-A73A-418F-9317-E2F5461657B2}.Debug|Any CPU.ActiveCfg = Debug|Any CPU
		{8044FCC6-A73A-418F-9317-E2F5461657B2}.Debug|Any CPU.Build.0 = Debug|Any CPU
		{8044FCC6-A73A-418F-9317-E2F5461657B2}.Release|Any CPU.ActiveCfg = Release|Any CPU
		{8044FCC6-A73A-418F-9317-E2F5461657B2}.Release|Any CPU.Build.0 = Release|Any CPU
		{6743C5F9-7EEB-40A0-8F1F-E703813CF763}.Debug|Any CPU.ActiveCfg = Debug|Any CPU
		{6743C5F9-7EEB-40A0-8F1F-E703813CF763}.Debug|Any CPU.Build.0 = Debug|Any CPU
		{6743C5F9-7EEB-40A0-8F1F-E703813CF763}.Release|Any CPU.ActiveCfg = Release|Any CPU
		{6743C5F9-7EEB-40A0-8F1F-E703813CF763}.Release|Any CPU.Build.0 = Release|Any CPU
	EndGlobalSection
	GlobalSection(SolutionProperties) = preSolution
		HideSolutionNode = FALSE
	EndGlobalSection
	GlobalSection(ExtensibilityGlobals) = postSolution
		SolutionGuid = {086187C3-D219-422F-99F0-C108557BB57C}
	EndGlobalSection
EndGlobal
